
Microsoft Visual Studio Solution File, Format Version 12.00
# Visual Studio Version 16
VisualStudioVersion = 16.0.31129.286
MinimumVisualStudioVersion = 10.0.40219.1
Project("{FAE04EC0-301F-11D3-BF4B-00C04F79EFBC}") = "AlgorithmVisualizer", "AlgorithmVisualizer\AlgorithmVisualizer.csproj", "{3290566E-4DAB-42DF-A3E3-976ED207BE82}"
EndProject
Global
	GlobalSection(SolutionConfigurationPlatforms) = preSolution
		Debug|Any CPU = Debug|Any CPU
		Release|Any CPU = Release|Any CPU
	EndGlobalSection
	GlobalSection(ProjectConfigurationPlatforms) = postSolution
		{3290566E-4DAB-42DF-A3E3-976ED207BE82}.Debug|Any CPU.ActiveCfg = Debug|Any CPU
		{3290566E-4DAB-42DF-A3E3-976ED207BE82}.Debug|Any CPU.Build.0 = Debug|Any CPU
		{3290566E-4DAB-42DF-A3E3-976ED207BE82}.Release|Any CPU.ActiveCfg = Release|Any CPU
		{3290566E-4DAB-42DF-A3E3-976ED207BE82}.Release|Any CPU.Build.0 = Release|Any CPU
	EndGlobalSection
	GlobalSection(SolutionProperties) = preSolution
		HideSolutionNode = FALSE
	EndGlobalSection
	GlobalSection(ExtensibilityGlobals) = postSolution
		SolutionGuid = {FAA68E2E-734F-45C2-A0B9-503292978BD3}
	EndGlobalSection
EndGlobal
