
Microsoft Visual Studio Solution File, Format Version 12.00
# Visual Studio Version 17
VisualStudioVersion = 17.2.32519.379
MinimumVisualStudioVersion = 10.0.40219.1
Project("{FAE04EC0-301F-11D3-BF4B-00C04F79EFBC}") = "kkYaTestSpace", "kkYaTestSpace\kkYaTestSpace.csproj", "{EFD87289-198E-4632-A634-C4A6EA925385}"
EndProject
Global
	GlobalSection(SolutionConfigurationPlatforms) = preSolution
		Debug|Any CPU = Debug|Any CPU
		Release|Any CPU = Release|Any CPU
	EndGlobalSection
	GlobalSection(ProjectConfigurationPlatforms) = postSolution
		{EFD87289-198E-4632-A634-C4A6EA925385}.Debug|Any CPU.ActiveCfg = Debug|Any CPU
		{EFD87289-198E-4632-A634-C4A6EA925385}.Debug|Any CPU.Build.0 = Debug|Any CPU
		{EFD87289-198E-4632-A634-C4A6EA925385}.Release|Any CPU.ActiveCfg = Release|Any CPU
		{EFD87289-198E-4632-A634-C4A6EA925385}.Release|Any CPU.Build.0 = Release|Any CPU
	EndGlobalSection
	GlobalSection(SolutionProperties) = preSolution
		HideSolutionNode = FALSE
	EndGlobalSection
	GlobalSection(ExtensibilityGlobals) = postSolution
		SolutionGuid = {B48D5283-0617-4956-9B0D-5E937388EF36}
	EndGlobalSection
EndGlobal
