
Microsoft Visual Studio Solution File, Format Version 12.00
# Visual Studio 15
VisualStudioVersion = 15.0.28307.1705
MinimumVisualStudioVersion = 10.0.40219.1
Project("{9A19103F-16F7-4668-BE54-9A1E7A4F7556}") = "DIAnalyze_lab_1", "DIAnalyze_lab_1\DIAnalyze_lab_1.csproj", "{5C4952D0-0122-438F-9373-A87410AAEA80}"
EndProject
Project("{FAE04EC0-301F-11D3-BF4B-00C04F79EFBC}") = "DIAnalyze_lab_2", "DIAnalyze_lab_2\DIAnalyze_lab_2.csproj", "{222ECC2D-69CC-493B-A73C-6EA742EFDD1F}"
EndProject
Project("{FAE04EC0-301F-11D3-BF4B-00C04F79EFBC}") = "DIAnalyze_lab_3", "DIAnalyze_lab_3\DIAnalyze_lab_3.csproj", "{B40D1CE2-59BF-4C83-87D3-59C7EEC81AB0}"
EndProject
Project("{9A19103F-16F7-4668-BE54-9A1E7A4F7556}") = "testspace", "testspace\testspace.csproj", "{272CB330-9BEB-4D31-8703-F585CC1573D5}"
EndProject
Global
	GlobalSection(SolutionConfigurationPlatforms) = preSolution
		Debug|Any CPU = Debug|Any CPU
		Release|Any CPU = Release|Any CPU
	EndGlobalSection
	GlobalSection(ProjectConfigurationPlatforms) = postSolution
		{5C4952D0-0122-438F-9373-A87410AAEA80}.Debug|Any CPU.ActiveCfg = Debug|Any CPU
		{5C4952D0-0122-438F-9373-A87410AAEA80}.Debug|Any CPU.Build.0 = Debug|Any CPU
		{5C4952D0-0122-438F-9373-A87410AAEA80}.Release|Any CPU.ActiveCfg = Release|Any CPU
		{5C4952D0-0122-438F-9373-A87410AAEA80}.Release|Any CPU.Build.0 = Release|Any CPU
		{222ECC2D-69CC-493B-A73C-6EA742EFDD1F}.Debug|Any CPU.ActiveCfg = Debug|Any CPU
		{222ECC2D-69CC-493B-A73C-6EA742EFDD1F}.Debug|Any CPU.Build.0 = Debug|Any CPU
		{222ECC2D-69CC-493B-A73C-6EA742EFDD1F}.Release|Any CPU.ActiveCfg = Release|Any CPU
		{222ECC2D-69CC-493B-A73C-6EA742EFDD1F}.Release|Any CPU.Build.0 = Release|Any CPU
		{B40D1CE2-59BF-4C83-87D3-59C7EEC81AB0}.Debug|Any CPU.ActiveCfg = Debug|Any CPU
		{B40D1CE2-59BF-4C83-87D3-59C7EEC81AB0}.Debug|Any CPU.Build.0 = Debug|Any CPU
		{B40D1CE2-59BF-4C83-87D3-59C7EEC81AB0}.Release|Any CPU.ActiveCfg = Release|Any CPU
		{B40D1CE2-59BF-4C83-87D3-59C7EEC81AB0}.Release|Any CPU.Build.0 = Release|Any CPU
		{272CB330-9BEB-4D31-8703-F585CC1573D5}.Debug|Any CPU.ActiveCfg = Debug|Any CPU
		{272CB330-9BEB-4D31-8703-F585CC1573D5}.Debug|Any CPU.Build.0 = Debug|Any CPU
		{272CB330-9BEB-4D31-8703-F585CC1573D5}.Release|Any CPU.ActiveCfg = Release|Any CPU
		{272CB330-9BEB-4D31-8703-F585CC1573D5}.Release|Any CPU.Build.0 = Release|Any CPU
	EndGlobalSection
	GlobalSection(SolutionProperties) = preSolution
		HideSolutionNode = FALSE
	EndGlobalSection
	GlobalSection(ExtensibilityGlobals) = postSolution
		SolutionGuid = {B48D5283-0617-4956-9B0D-5E937388EF36}
	EndGlobalSection
EndGlobal
