
Microsoft Visual Studio Solution File, Format Version 12.00
# Visual Studio Version 17
VisualStudioVersion = 17.1.32421.90
MinimumVisualStudioVersion = 10.0.40219.1
Project("{FAE04EC0-301F-11D3-BF4B-00C04F79EFBC}") = "Wave Algorithm", "Wave Algorithm\Wave Algorithm.csproj", "{BBC1B03C-E3D5-4365-883C-8BD7C8E450CE}"
EndProject
Project("{FAE04EC0-301F-11D3-BF4B-00C04F79EFBC}") = "AlgorithmVisualizer", "..\AlgorithmVisualizer\AlgorithmVisualizer.csproj", "{3290566E-4DAB-42DF-A3E3-976ED207BE82}"
EndProject
Global
	GlobalSection(SolutionConfigurationPlatforms) = preSolution
		Debug|Any CPU = Debug|Any CPU
		Release|Any CPU = Release|Any CPU
	EndGlobalSection
	GlobalSection(ProjectConfigurationPlatforms) = postSolution
		{BBC1B03C-E3D5-4365-883C-8BD7C8E450CE}.Debug|Any CPU.ActiveCfg = Debug|Any CPU
		{BBC1B03C-E3D5-4365-883C-8BD7C8E450CE}.Debug|Any CPU.Build.0 = Debug|Any CPU
		{BBC1B03C-E3D5-4365-883C-8BD7C8E450CE}.Release|Any CPU.ActiveCfg = Release|Any CPU
		{BBC1B03C-E3D5-4365-883C-8BD7C8E450CE}.Release|Any CPU.Build.0 = Release|Any CPU
		{3290566E-4DAB-42DF-A3E3-976ED207BE82}.Debug|Any CPU.ActiveCfg = Debug|Any CPU
		{3290566E-4DAB-42DF-A3E3-976ED207BE82}.Debug|Any CPU.Build.0 = Debug|Any CPU
		{3290566E-4DAB-42DF-A3E3-976ED207BE82}.Release|Any CPU.ActiveCfg = Release|Any CPU
		{3290566E-4DAB-42DF-A3E3-976ED207BE82}.Release|Any CPU.Build.0 = Release|Any CPU
	EndGlobalSection
	GlobalSection(SolutionProperties) = preSolution
		HideSolutionNode = FALSE
	EndGlobalSection
	GlobalSection(ExtensibilityGlobals) = postSolution
		SolutionGuid = {FAA68E2E-734F-45C2-A0B9-503292978BD3}
	EndGlobalSection
EndGlobal
